
Microsoft Visual Studio Solution File, Format Version 12.00
# Visual Studio Version 17
VisualStudioVersion = 17.14.36414.22
MinimumVisualStudioVersion = 10.0.40219.1
Project("{FAE04EC0-301F-11D3-BF4B-00C04F79EFBC}") = "DirectorySync", "DirectorySync.csproj", "{563A482B-AC9B-4348-9F29-C7CB7C6A430C}"
EndProject
Global
	GlobalSection(SolutionConfigurationPlatforms) = preSolution
		Debug|Any CPU = Debug|Any CPU
		Release|Any CPU = Release|Any CPU
	EndGlobalSection
	GlobalSection(ProjectConfigurationPlatforms) = postSolution
		{563A482B-AC9B-4348-9F29-C7CB7C6A430C}.Debug|Any CPU.ActiveCfg = Debug|Any CPU
		{563A482B-AC9B-4348-9F29-C7CB7C6A430C}.Debug|Any CPU.Build.0 = Debug|Any CPU
		{563A482B-AC9B-4348-9F29-C7CB7C6A430C}.Release|Any CPU.ActiveCfg = Release|Any CPU
		{563A482B-AC9B-4348-9F29-C7CB7C6A430C}.Release|Any CPU.Build.0 = Release|Any CPU
	EndGlobalSection
	GlobalSection(SolutionProperties) = preSolution
		HideSolutionNode = FALSE
	EndGlobalSection
	GlobalSection(ExtensibilityGlobals) = postSolution
		SolutionGuid = {88A2B016-4605-43D9-937B-EE24C54D4350}
	EndGlobalSection
EndGlobal
