
Microsoft Visual Studio Solution File, Format Version 12.00
# Visual Studio Version 17
VisualStudioVersion = 17.14.36414.22
MinimumVisualStudioVersion = 10.0.40219.1
Project("{2150E333-8FDC-42A3-9474-1A3956D46DE8}") = "Engine", "Engine", "{D585295F-7994-3649-1065-7AA403C41681}"
EndProject
Project("{FAE04EC0-301F-11D3-BF4B-00C04F79EFBC}") = "DirectorySync.Engine", "Engine\DirectorySync.Engine.csproj", "{2E9F67A2-1DDC-47DD-9CD8-26617733A1A3}"
EndProject
Project("{2150E333-8FDC-42A3-9474-1A3956D46DE8}") = "Cli", "Cli", "{342A349A-D343-8551-4064-2E2800C39E13}"
EndProject
Project("{FAE04EC0-301F-11D3-BF4B-00C04F79EFBC}") = "DirectorySync.Cli", "Cli\DirectorySync.Cli.csproj", "{2F609AAF-5B6F-4BFE-94C3-FA8F5A0A52EC}"
EndProject
Project("{2150E333-8FDC-42A3-9474-1A3956D46DE8}") = "Tests", "Tests", "{0AB3BF05-4346-4AA6-1389-037BE0695223}"
EndProject
Project("{FAE04EC0-301F-11D3-BF4B-00C04F79EFBC}") = "DirectorySync.Tests", "Tests\DirectorySync.Tests.csproj", "{50DE56DB-C70C-4FB6-BD44-71CF7D493B37}"
EndProject
Global
	GlobalSection(SolutionConfigurationPlatforms) = preSolution
		Debug|Any CPU = Debug|Any CPU
		Debug|x64 = Debug|x64
		Debug|x86 = Debug|x86
		Release|Any CPU = Release|Any CPU
		Release|x64 = Release|x64
		Release|x86 = Release|x86
	EndGlobalSection
	GlobalSection(ProjectConfigurationPlatforms) = postSolution
		{2E9F67A2-1DDC-47DD-9CD8-26617733A1A3}.Debug|Any CPU.ActiveCfg = Debug|Any CPU
		{2E9F67A2-1DDC-47DD-9CD8-26617733A1A3}.Debug|Any CPU.Build.0 = Debug|Any CPU
		{2E9F67A2-1DDC-47DD-9CD8-26617733A1A3}.Debug|x64.ActiveCfg = Debug|Any CPU
		{2E9F67A2-1DDC-47DD-9CD8-26617733A1A3}.Debug|x64.Build.0 = Debug|Any CPU
		{2E9F67A2-1DDC-47DD-9CD8-26617733A1A3}.Debug|x86.ActiveCfg = Debug|Any CPU
		{2E9F67A2-1DDC-47DD-9CD8-26617733A1A3}.Debug|x86.Build.0 = Debug|Any CPU
		{2E9F67A2-1DDC-47DD-9CD8-26617733A1A3}.Release|Any CPU.ActiveCfg = Release|Any CPU
		{2E9F67A2-1DDC-47DD-9CD8-26617733A1A3}.Release|Any CPU.Build.0 = Release|Any CPU
		{2E9F67A2-1DDC-47DD-9CD8-26617733A1A3}.Release|x64.ActiveCfg = Release|Any CPU
		{2E9F67A2-1DDC-47DD-9CD8-26617733A1A3}.Release|x64.Build.0 = Release|Any CPU
		{2E9F67A2-1DDC-47DD-9CD8-26617733A1A3}.Release|x86.ActiveCfg = Release|Any CPU
		{2E9F67A2-1DDC-47DD-9CD8-26617733A1A3}.Release|x86.Build.0 = Release|Any CPU
		{2F609AAF-5B6F-4BFE-94C3-FA8F5A0A52EC}.Debug|Any CPU.ActiveCfg = Debug|Any CPU
		{2F609AAF-5B6F-4BFE-94C3-FA8F5A0A52EC}.Debug|Any CPU.Build.0 = Debug|Any CPU
		{2F609AAF-5B6F-4BFE-94C3-FA8F5A0A52EC}.Debug|x64.ActiveCfg = Debug|Any CPU
		{2F609AAF-5B6F-4BFE-94C3-FA8F5A0A52EC}.Debug|x64.Build.0 = Debug|Any CPU
		{2F609AAF-5B6F-4BFE-94C3-FA8F5A0A52EC}.Debug|x86.ActiveCfg = Debug|Any CPU
		{2F609AAF-5B6F-4BFE-94C3-FA8F5A0A52EC}.Debug|x86.Build.0 = Debug|Any CPU
		{2F609AAF-5B6F-4BFE-94C3-FA8F5A0A52EC}.Release|Any CPU.ActiveCfg = Release|Any CPU
		{2F609AAF-5B6F-4BFE-94C3-FA8F5A0A52EC}.Release|Any CPU.Build.0 = Release|Any CPU
		{2F609AAF-5B6F-4BFE-94C3-FA8F5A0A52EC}.Release|x64.ActiveCfg = Release|Any CPU
		{2F609AAF-5B6F-4BFE-94C3-FA8F5A0A52EC}.Release|x64.Build.0 = Release|Any CPU
		{2F609AAF-5B6F-4BFE-94C3-FA8F5A0A52EC}.Release|x86.ActiveCfg = Release|Any CPU
		{2F609AAF-5B6F-4BFE-94C3-FA8F5A0A52EC}.Release|x86.Build.0 = Release|Any CPU
		{50DE56DB-C70C-4FB6-BD44-71CF7D493B37}.Debug|Any CPU.ActiveCfg = Debug|Any CPU
		{50DE56DB-C70C-4FB6-BD44-71CF7D493B37}.Debug|Any CPU.Build.0 = Debug|Any CPU
		{50DE56DB-C70C-4FB6-BD44-71CF7D493B37}.Debug|x64.ActiveCfg = Debug|Any CPU
		{50DE56DB-C70C-4FB6-BD44-71CF7D493B37}.Debug|x64.Build.0 = Debug|Any CPU
		{50DE56DB-C70C-4FB6-BD44-71CF7D493B37}.Debug|x86.ActiveCfg = Debug|Any CPU
		{50DE56DB-C70C-4FB6-BD44-71CF7D493B37}.Debug|x86.Build.0 = Debug|Any CPU
		{50DE56DB-C70C-4FB6-BD44-71CF7D493B37}.Release|Any CPU.ActiveCfg = Release|Any CPU
		{50DE56DB-C70C-4FB6-BD44-71CF7D493B37}.Release|Any CPU.Build.0 = Release|Any CPU
		{50DE56DB-C70C-4FB6-BD44-71CF7D493B37}.Release|x64.ActiveCfg = Release|Any CPU
		{50DE56DB-C70C-4FB6-BD44-71CF7D493B37}.Release|x64.Build.0 = Release|Any CPU
		{50DE56DB-C70C-4FB6-BD44-71CF7D493B37}.Release|x86.ActiveCfg = Release|Any CPU
		{50DE56DB-C70C-4FB6-BD44-71CF7D493B37}.Release|x86.Build.0 = Release|Any CPU
	EndGlobalSection
	GlobalSection(SolutionProperties) = preSolution
		HideSolutionNode = FALSE
	EndGlobalSection
	GlobalSection(NestedProjects) = preSolution
		{2E9F67A2-1DDC-47DD-9CD8-26617733A1A3} = {D585295F-7994-3649-1065-7AA403C41681}
		{2F609AAF-5B6F-4BFE-94C3-FA8F5A0A52EC} = {342A349A-D343-8551-4064-2E2800C39E13}
		{50DE56DB-C70C-4FB6-BD44-71CF7D493B37} = {0AB3BF05-4346-4AA6-1389-037BE0695223}
	EndGlobalSection
	GlobalSection(ExtensibilityGlobals) = postSolution
		SolutionGuid = {88A2B016-4605-43D9-937B-EE24C54D4350}
	EndGlobalSection
EndGlobal
